
Microsoft Visual Studio Solution File, Format Version 12.00
# Visual Studio Version 17
VisualStudioVersion = 17.11.35431.28
MinimumVisualStudioVersion = 10.0.40219.1
Project("{9A19103F-16F7-4668-BE54-9A1E7A4F7556}") = "LibraryManagementSystem.Server", "LibraryManagementSystem.Server\LibraryManagementSystem.Server.csproj", "{B7A8A820-6506-4FD2-B425-82D9932A163E}"
EndProject
Project("{54A90642-561A-4BB1-A94E-469ADEE60C69}") = "librarymanagementsystem.client", "librarymanagementsystem.client\librarymanagementsystem.client.esproj", "{F412F0D0-2DAC-4740-84A9-C92A0C9EFA60}"
EndProject
Global
	GlobalSection(SolutionConfigurationPlatforms) = preSolution
		Debug|Any CPU = Debug|Any CPU
		Release|Any CPU = Release|Any CPU
	EndGlobalSection
	GlobalSection(ProjectConfigurationPlatforms) = postSolution
		{B7A8A820-6506-4FD2-B425-82D9932A163E}.Debug|Any CPU.ActiveCfg = Debug|Any CPU
		{B7A8A820-6506-4FD2-B425-82D9932A163E}.Debug|Any CPU.Build.0 = Debug|Any CPU
		{B7A8A820-6506-4FD2-B425-82D9932A163E}.Release|Any CPU.ActiveCfg = Release|Any CPU
		{B7A8A820-6506-4FD2-B425-82D9932A163E}.Release|Any CPU.Build.0 = Release|Any CPU
		{F412F0D0-2DAC-4740-84A9-C92A0C9EFA60}.Debug|Any CPU.ActiveCfg = Debug|Any CPU
		{F412F0D0-2DAC-4740-84A9-C92A0C9EFA60}.Debug|Any CPU.Build.0 = Debug|Any CPU
		{F412F0D0-2DAC-4740-84A9-C92A0C9EFA60}.Debug|Any CPU.Deploy.0 = Debug|Any CPU
		{F412F0D0-2DAC-4740-84A9-C92A0C9EFA60}.Release|Any CPU.ActiveCfg = Release|Any CPU
		{F412F0D0-2DAC-4740-84A9-C92A0C9EFA60}.Release|Any CPU.Build.0 = Release|Any CPU
		{F412F0D0-2DAC-4740-84A9-C92A0C9EFA60}.Release|Any CPU.Deploy.0 = Release|Any CPU
	EndGlobalSection
	GlobalSection(SolutionProperties) = preSolution
		HideSolutionNode = FALSE
	EndGlobalSection
	GlobalSection(ExtensibilityGlobals) = postSolution
		SolutionGuid = {B5A375FC-C59D-49FF-9C98-16145C4704B3}
	EndGlobalSection
EndGlobal
